# THIS IS AN AUTOGENERATED FILE. DO NOT EDIT THIS FILE DIRECTLY.
# yarn lockfile v1


"@openzeppelin/contracts-upgradeable@^4.8.2":
  version "4.9.6"
  resolved "https://registry.yarnpkg.com/@openzeppelin/contracts-upgradeable/-/contracts-upgradeable-4.9.6.tgz#38b21708a719da647de4bb0e4802ee235a0d24df"
  integrity sha512-m4iHazOsOCv1DgM7eD7GupTJ+NFVujRZt1wzddDPSVGpWdKq1SKkla5htKG7+IS4d2XOCtzkUNwRZ7Vq5aEUMA==

"@openzeppelin/contracts@^4.8.2":
  version "4.9.6"
  resolved "https://registry.yarnpkg.com/@openzeppelin/contracts/-/contracts-4.9.6.tgz#2a880a24eb19b4f8b25adc2a5095f2aa27f39677"
  integrity sha512-xSmezSupL+y9VkHZJGDoCBpmnB2ogM13ccaYDWqJTfS3dbuHkgjuwDFUmaFauBCboQMGB/S5UqUl2y54X99BmA==
